
Microsoft Visual Studio Solution File, Format Version 12.00
# Visual Studio Version 16
VisualStudioVersion = 16.0.31410.357
MinimumVisualStudioVersion = 10.0.40219.1
Project("{FAE04EC0-301F-11D3-BF4B-00C04F79EFBC}") = "CakeCompanyPortal", "CakeCompanyPortal\CakeCompanyPortal.csproj", "{4776A529-B116-4599-AAAE-8ACE1E47943F}"
EndProject
Project("{2150E333-8FDC-42A3-9474-1A3956D46DE8}") = "Tests", "Tests", "{636CA359-97DB-4A15-AAF8-6006C694D60A}"
EndProject
Project("{FAE04EC0-301F-11D3-BF4B-00C04F79EFBC}") = "CakeCompanyPortalUnitTests", "Tests\CakeCompanyPortalUnitTests\CakeCompanyPortalUnitTests.csproj", "{8466EBD2-3066-4BE8-A612-3CC24A3B4EB3}"
EndProject
Global
	GlobalSection(SolutionConfigurationPlatforms) = preSolution
		Debug|Any CPU = Debug|Any CPU
		Release|Any CPU = Release|Any CPU
	EndGlobalSection
	GlobalSection(ProjectConfigurationPlatforms) = postSolution
		{4776A529-B116-4599-AAAE-8ACE1E47943F}.Debug|Any CPU.ActiveCfg = Debug|Any CPU
		{4776A529-B116-4599-AAAE-8ACE1E47943F}.Debug|Any CPU.Build.0 = Debug|Any CPU
		{4776A529-B116-4599-AAAE-8ACE1E47943F}.Release|Any CPU.ActiveCfg = Release|Any CPU
		{4776A529-B116-4599-AAAE-8ACE1E47943F}.Release|Any CPU.Build.0 = Release|Any CPU
		{8466EBD2-3066-4BE8-A612-3CC24A3B4EB3}.Debug|Any CPU.ActiveCfg = Debug|Any CPU
		{8466EBD2-3066-4BE8-A612-3CC24A3B4EB3}.Debug|Any CPU.Build.0 = Debug|Any CPU
		{8466EBD2-3066-4BE8-A612-3CC24A3B4EB3}.Release|Any CPU.ActiveCfg = Release|Any CPU
		{8466EBD2-3066-4BE8-A612-3CC24A3B4EB3}.Release|Any CPU.Build.0 = Release|Any CPU
	EndGlobalSection
	GlobalSection(SolutionProperties) = preSolution
		HideSolutionNode = FALSE
	EndGlobalSection
	GlobalSection(NestedProjects) = preSolution
		{8466EBD2-3066-4BE8-A612-3CC24A3B4EB3} = {636CA359-97DB-4A15-AAF8-6006C694D60A}
	EndGlobalSection
	GlobalSection(ExtensibilityGlobals) = postSolution
		SolutionGuid = {650E9784-5D52-40D7-8D5F-A6A09AAD34E1}
	EndGlobalSection
EndGlobal
